
Microsoft Visual Studio Solution File, Format Version 12.00
# Visual Studio Version 17
VisualStudioVersion = 17.0.31912.275
MinimumVisualStudioVersion = 10.0.40219.1
Project("{FAE04EC0-301F-11D3-BF4B-00C04F79EFBC}") = "VAR_2021", "VAR_2021\VAR_2021.csproj", "{FD953B99-BBB1-4AFB-BD8B-EE3BD6ED74A8}"
EndProject
Global
	GlobalSection(SolutionConfigurationPlatforms) = preSolution
		Debug|Any CPU = Debug|Any CPU
		Release|Any CPU = Release|Any CPU
	EndGlobalSection
	GlobalSection(ProjectConfigurationPlatforms) = postSolution
		{FD953B99-BBB1-4AFB-BD8B-EE3BD6ED74A8}.Debug|Any CPU.ActiveCfg = Debug|Any CPU
		{FD953B99-BBB1-4AFB-BD8B-EE3BD6ED74A8}.Debug|Any CPU.Build.0 = Debug|Any CPU
		{FD953B99-BBB1-4AFB-BD8B-EE3BD6ED74A8}.Release|Any CPU.ActiveCfg = Release|Any CPU
		{FD953B99-BBB1-4AFB-BD8B-EE3BD6ED74A8}.Release|Any CPU.Build.0 = Release|Any CPU
	EndGlobalSection
	GlobalSection(SolutionProperties) = preSolution
		HideSolutionNode = FALSE
	EndGlobalSection
	GlobalSection(ExtensibilityGlobals) = postSolution
		SolutionGuid = {1544A491-C01F-4E3B-B3B8-D36D18A760F1}
	EndGlobalSection
EndGlobal
