
Microsoft Visual Studio Solution File, Format Version 12.00
# Visual Studio Version 17
VisualStudioVersion = 17.0.31912.275
MinimumVisualStudioVersion = 10.0.40219.1
Project("{FAE04EC0-301F-11D3-BF4B-00C04F79EFBC}") = "Mikroszimulacio", "Mikroszimulacio\Mikroszimulacio.csproj", "{E4BA3346-F131-4A9C-BC14-7EA6458EFB34}"
EndProject
Global
	GlobalSection(SolutionConfigurationPlatforms) = preSolution
		Debug|Any CPU = Debug|Any CPU
		Release|Any CPU = Release|Any CPU
	EndGlobalSection
	GlobalSection(ProjectConfigurationPlatforms) = postSolution
		{E4BA3346-F131-4A9C-BC14-7EA6458EFB34}.Debug|Any CPU.ActiveCfg = Debug|Any CPU
		{E4BA3346-F131-4A9C-BC14-7EA6458EFB34}.Debug|Any CPU.Build.0 = Debug|Any CPU
		{E4BA3346-F131-4A9C-BC14-7EA6458EFB34}.Release|Any CPU.ActiveCfg = Release|Any CPU
		{E4BA3346-F131-4A9C-BC14-7EA6458EFB34}.Release|Any CPU.Build.0 = Release|Any CPU
	EndGlobalSection
	GlobalSection(SolutionProperties) = preSolution
		HideSolutionNode = FALSE
	EndGlobalSection
	GlobalSection(ExtensibilityGlobals) = postSolution
		SolutionGuid = {5ACB2370-E2EB-4C31-8F43-869DBF8F02A6}
	EndGlobalSection
EndGlobal
