
Microsoft Visual Studio Solution File, Format Version 12.00
# Visual Studio Version 17
VisualStudioVersion = 17.0.31912.275
MinimumVisualStudioVersion = 10.0.40219.1
Project("{FAE04EC0-301F-11D3-BF4B-00C04F79EFBC}") = "UserMaintenance", "UserMaintenance\UserMaintenance.csproj", "{DD2F7F72-AF1A-4A8F-8161-EA010A817CEB}"
EndProject
Global
	GlobalSection(SolutionConfigurationPlatforms) = preSolution
		Debug|Any CPU = Debug|Any CPU
		Release|Any CPU = Release|Any CPU
	EndGlobalSection
	GlobalSection(ProjectConfigurationPlatforms) = postSolution
		{DD2F7F72-AF1A-4A8F-8161-EA010A817CEB}.Debug|Any CPU.ActiveCfg = Debug|Any CPU
		{DD2F7F72-AF1A-4A8F-8161-EA010A817CEB}.Debug|Any CPU.Build.0 = Debug|Any CPU
		{DD2F7F72-AF1A-4A8F-8161-EA010A817CEB}.Release|Any CPU.ActiveCfg = Release|Any CPU
		{DD2F7F72-AF1A-4A8F-8161-EA010A817CEB}.Release|Any CPU.Build.0 = Release|Any CPU
	EndGlobalSection
	GlobalSection(SolutionProperties) = preSolution
		HideSolutionNode = FALSE
	EndGlobalSection
	GlobalSection(ExtensibilityGlobals) = postSolution
		SolutionGuid = {6B2E7F52-F728-481F-9AF1-8B8CEDE71C17}
	EndGlobalSection
EndGlobal
