
Microsoft Visual Studio Solution File, Format Version 12.00
# Visual Studio Version 17
VisualStudioVersion = 17.0.31912.275
MinimumVisualStudioVersion = 10.0.40219.1
Project("{FAE04EC0-301F-11D3-BF4B-00C04F79EFBC}") = "ProgramTervezesiMintak", "ProgramTervezesiMintak\ProgramTervezesiMintak.csproj", "{C4A35F3F-B682-4EBF-B600-B98775C48D2F}"
EndProject
Global
	GlobalSection(SolutionConfigurationPlatforms) = preSolution
		Debug|Any CPU = Debug|Any CPU
		Release|Any CPU = Release|Any CPU
	EndGlobalSection
	GlobalSection(ProjectConfigurationPlatforms) = postSolution
		{C4A35F3F-B682-4EBF-B600-B98775C48D2F}.Debug|Any CPU.ActiveCfg = Debug|Any CPU
		{C4A35F3F-B682-4EBF-B600-B98775C48D2F}.Debug|Any CPU.Build.0 = Debug|Any CPU
		{C4A35F3F-B682-4EBF-B600-B98775C48D2F}.Release|Any CPU.ActiveCfg = Release|Any CPU
		{C4A35F3F-B682-4EBF-B600-B98775C48D2F}.Release|Any CPU.Build.0 = Release|Any CPU
	EndGlobalSection
	GlobalSection(SolutionProperties) = preSolution
		HideSolutionNode = FALSE
	EndGlobalSection
	GlobalSection(ExtensibilityGlobals) = postSolution
		SolutionGuid = {8191C68E-48E2-4508-B232-5426DB2F977B}
	EndGlobalSection
EndGlobal
